
Microsoft Visual Studio Solution File, Format Version 12.00
# Visual Studio Version 17
VisualStudioVersion = 17.12.35527.113 d17.12
MinimumVisualStudioVersion = 10.0.40219.1
Project("{FAE04EC0-301F-11D3-BF4B-00C04F79EFBC}") = "IdentityServer", "IdentityServer\IdentityServer.csproj", "{0E0BD8B4-C948-47B2-B262-2D1F7629C56A}"
EndProject
Project("{FAE04EC0-301F-11D3-BF4B-00C04F79EFBC}") = "Api", "Api\Api.csproj", "{2B8D2965-BB1E-48DE-9D4A-E35AC6990486}"
EndProject
Project("{FAE04EC0-301F-11D3-BF4B-00C04F79EFBC}") = "WebHosted", "WebHosted\WebHosted\WebHosted.csproj", "{70853D59-7070-4132-B76A-6699E10AA532}"
EndProject
Project("{FAE04EC0-301F-11D3-BF4B-00C04F79EFBC}") = "WebHosted.Client", "WebHosted\WebHosted.Client\WebHosted.Client.csproj", "{470A381E-583E-40BB-A0EA-F7D0A1A3DEF4}"
EndProject
Global
	GlobalSection(SolutionConfigurationPlatforms) = preSolution
		Debug|Any CPU = Debug|Any CPU
		Release|Any CPU = Release|Any CPU
	EndGlobalSection
	GlobalSection(ProjectConfigurationPlatforms) = postSolution
		{0E0BD8B4-C948-47B2-B262-2D1F7629C56A}.Debug|Any CPU.ActiveCfg = Debug|Any CPU
		{0E0BD8B4-C948-47B2-B262-2D1F7629C56A}.Debug|Any CPU.Build.0 = Debug|Any CPU
		{0E0BD8B4-C948-47B2-B262-2D1F7629C56A}.Release|Any CPU.ActiveCfg = Release|Any CPU
		{0E0BD8B4-C948-47B2-B262-2D1F7629C56A}.Release|Any CPU.Build.0 = Release|Any CPU
		{2B8D2965-BB1E-48DE-9D4A-E35AC6990486}.Debug|Any CPU.ActiveCfg = Debug|Any CPU
		{2B8D2965-BB1E-48DE-9D4A-E35AC6990486}.Debug|Any CPU.Build.0 = Debug|Any CPU
		{2B8D2965-BB1E-48DE-9D4A-E35AC6990486}.Release|Any CPU.ActiveCfg = Release|Any CPU
		{2B8D2965-BB1E-48DE-9D4A-E35AC6990486}.Release|Any CPU.Build.0 = Release|Any CPU
		{70853D59-7070-4132-B76A-6699E10AA532}.Debug|Any CPU.ActiveCfg = Debug|Any CPU
		{70853D59-7070-4132-B76A-6699E10AA532}.Debug|Any CPU.Build.0 = Debug|Any CPU
		{70853D59-7070-4132-B76A-6699E10AA532}.Release|Any CPU.ActiveCfg = Release|Any CPU
		{70853D59-7070-4132-B76A-6699E10AA532}.Release|Any CPU.Build.0 = Release|Any CPU
		{470A381E-583E-40BB-A0EA-F7D0A1A3DEF4}.Debug|Any CPU.ActiveCfg = Debug|Any CPU
		{470A381E-583E-40BB-A0EA-F7D0A1A3DEF4}.Debug|Any CPU.Build.0 = Debug|Any CPU
		{470A381E-583E-40BB-A0EA-F7D0A1A3DEF4}.Release|Any CPU.ActiveCfg = Release|Any CPU
		{470A381E-583E-40BB-A0EA-F7D0A1A3DEF4}.Release|Any CPU.Build.0 = Release|Any CPU
	EndGlobalSection
	GlobalSection(SolutionProperties) = preSolution
		HideSolutionNode = FALSE
	EndGlobalSection
EndGlobal
